<?xml version="1.0" encoding="utf-8"?>
<Project ToolsVersion="4.0" xmlns="http://schemas.microsoft.com/developer/msbuild/2003">
  <ItemGroup>
    <Filter Include="Source Files">
      <UniqueIdentifier>{4FC737F1-C7A5-4376-A066-2A32D752A2FF}</UniqueIdentifier>
      <Extensions>cpp;c;cc;cxx;def;odl;idl;hpj;bat;asm;asmx</Extensions>
    </Filter>
    <Filter Include="Header Files">
      <UniqueIdentifier>{93995380-89BD-4b04-88EB-625FBE52EBFB}</UniqueIdentifier>
      <Extensions>h;hh;hpp;hxx;hm;inl;inc;xsd</Extensions>
    </Filter>
    <Filter Include="Resource Files">
      <UniqueIdentifier>{67DA6AB6-F800-4c08-8B7A-83BB121AAD01}</UniqueIdentifier>
      <Extensions>rc;ico;cur;bmp;dlg;rc2;rct;bin;rgs;gif;jpg;jpeg;jpe;resx;tiff;tif;png;wav;mfcribbon-ms</Extensions>
    </Filter>
    <Filter Include="common_code">
      <UniqueIdentifier>{9b118082-d4fa-451c-8d5d-3c722bebc3b0}</UniqueIdentifier>
    </Filter>
  </ItemGroup>
  <ItemGroup>
    <ClCompile Include="WindowTest.cpp">
      <Filter>Source Files</Filter>
    </ClCompile>
    <ClCompile Include="..\..\src\configparser.cpp">
      <Filter>common_code</Filter>
    </ClCompile>
    <ClCompile Include="..\..\src\cvecs.cpp">
      <Filter>common_code</Filter>
    </ClCompile>
    <ClCompile Include="..\..\src\Win32Form.cpp">
      <Filter>common_code</Filter>
    </ClCompile>
    <ClCompile Include="..\..\src\Win32App.cpp">
      <Filter>common_code</Filter>
    </ClCompile>
  </ItemGroup>
  <ItemGroup>
    <ClInclude Include="..\..\src\Win32Form.h">
      <Filter>common_code</Filter>
    </ClInclude>
    <ClInclude Include="..\..\src\colors.h">
      <Filter>common_code</Filter>
    </ClInclude>
    <ClInclude Include="..\..\src\configparser.h">
      <Filter>common_code</Filter>
    </ClInclude>
    <ClInclude Include="..\..\src\cudaInlineDebug.h">
      <Filter>common_code</Filter>
    </ClInclude>
    <ClInclude Include="..\..\src\cudaInlineMisc.h">
      <Filter>common_code</Filter>
    </ClInclude>
    <ClInclude Include="..\..\src\cvecs.h">
      <Filter>common_code</Filter>
    </ClInclude>
    <ClInclude Include="..\..\src\debugs.h">
      <Filter>common_code</Filter>
    </ClInclude>
    <ClInclude Include="..\..\src\everything.h">
      <Filter>common_code</Filter>
    </ClInclude>
    <ClInclude Include="..\..\src\files.h">
      <Filter>common_code</Filter>
    </ClInclude>
    <ClInclude Include="..\..\src\FPSMeter.h">
      <Filter>common_code</Filter>
    </ClInclude>
    <ClInclude Include="..\..\src\maths.h">
      <Filter>common_code</Filter>
    </ClInclude>
    <ClInclude Include="..\..\src\matrices.h">
      <Filter>common_code</Filter>
    </ClInclude>
    <ClInclude Include="..\..\src\misc.h">
      <Filter>common_code</Filter>
    </ClInclude>
    <ClInclude Include="..\..\src\physics.h">
      <Filter>common_code</Filter>
    </ClInclude>
    <ClInclude Include="..\..\src\rands.h">
      <Filter>common_code</Filter>
    </ClInclude>
    <ClInclude Include="..\..\src\strings.h">
      <Filter>common_code</Filter>
    </ClInclude>
    <ClInclude Include="..\..\src\timings.h">
      <Filter>common_code</Filter>
    </ClInclude>
    <ClInclude Include="..\..\src\versions.h">
      <Filter>common_code</Filter>
    </ClInclude>
    <ClInclude Include="..\..\src\Win32App.h">
      <Filter>common_code</Filter>
    </ClInclude>
    <ClInclude Include="..\..\src\Win32Ctrl.h">
      <Filter>common_code</Filter>
    </ClInclude>
    <ClInclude Include="..\..\src\Win32Dialog.h">
      <Filter>common_code</Filter>
    </ClInclude>
  </ItemGroup>
</Project>